Microsoft Visual Studio Solution File, Format Version 12.00
# Visual Studio Version 17
VisualStudioVersion = 17.5.2.0
MinimumVisualStudioVersion = 10.0.40219.1
Project("{FAE04EC0-301F-11D3-BF4B-00C04F79EFBC}") = "Spotly", "Spotly.csproj", "{99AC6206-474A-9CDC-D639-EFF98E925625}"
EndProject
Global
	GlobalSection(SolutionConfigurationPlatforms) = preSolution
		Debug|Any CPU = Debug|Any CPU
		Release|Any CPU = Release|Any CPU
	EndGlobalSection
	GlobalSection(ProjectConfigurationPlatforms) = postSolution
		{99AC6206-474A-9CDC-D639-EFF98E925625}.Debug|Any CPU.ActiveCfg = Debug|Any CPU
		{99AC6206-474A-9CDC-D639-EFF98E925625}.Debug|Any CPU.Build.0 = Debug|Any CPU
		{99AC6206-474A-9CDC-D639-EFF98E925625}.Release|Any CPU.ActiveCfg = Release|Any CPU
		{99AC6206-474A-9CDC-D639-EFF98E925625}.Release|Any CPU.Build.0 = Release|Any CPU
	EndGlobalSection
	GlobalSection(SolutionProperties) = preSolution
		HideSolutionNode = FALSE
	EndGlobalSection
	GlobalSection(ExtensibilityGlobals) = postSolution
		SolutionGuid = {4BD9F751-A0E8-4827-8318-0BFC620A6FCC}
	EndGlobalSection
EndGlobal
